
Microsoft Visual Studio Solution File, Format Version 12.00
# Visual Studio Version 16
VisualStudioVersion = 16.0.29215.179
MinimumVisualStudioVersion = 10.0.40219.1
Project("{FAE04EC0-301F-11D3-BF4B-00C04F79EFBC}") = "EnumExercise", "EnumExercise\EnumExercise.csproj", "{A415AF45-AF8E-4DDE-983B-8069043D95F0}"
EndProject
Global
	GlobalSection(SolutionConfigurationPlatforms) = preSolution
		Debug|Any CPU = Debug|Any CPU
		Release|Any CPU = Release|Any CPU
	EndGlobalSection
	GlobalSection(ProjectConfigurationPlatforms) = postSolution
		{A415AF45-AF8E-4DDE-983B-8069043D95F0}.Debug|Any CPU.ActiveCfg = Debug|Any CPU
		{A415AF45-AF8E-4DDE-983B-8069043D95F0}.Debug|Any CPU.Build.0 = Debug|Any CPU
		{A415AF45-AF8E-4DDE-983B-8069043D95F0}.Release|Any CPU.ActiveCfg = Release|Any CPU
		{A415AF45-AF8E-4DDE-983B-8069043D95F0}.Release|Any CPU.Build.0 = Release|Any CPU
	EndGlobalSection
	GlobalSection(SolutionProperties) = preSolution
		HideSolutionNode = FALSE
	EndGlobalSection
	GlobalSection(ExtensibilityGlobals) = postSolution
		SolutionGuid = {73770634-5A3D-458A-B844-51CA694ECC2E}
	EndGlobalSection
EndGlobal
