
Microsoft Visual Studio Solution File, Format Version 12.00
# Visual Studio Version 16
VisualStudioVersion = 16.0.29215.179
MinimumVisualStudioVersion = 10.0.40219.1
Project("{FAE04EC0-301F-11D3-BF4B-00C04F79EFBC}") = "beautifulLambda", "beautifulLambda\beautifulLambda.csproj", "{7E6451A1-C6A3-4CEB-A518-7C50B10CC7AE}"
EndProject
Global
	GlobalSection(SolutionConfigurationPlatforms) = preSolution
		Debug|Any CPU = Debug|Any CPU
		Release|Any CPU = Release|Any CPU
	EndGlobalSection
	GlobalSection(ProjectConfigurationPlatforms) = postSolution
		{7E6451A1-C6A3-4CEB-A518-7C50B10CC7AE}.Debug|Any CPU.ActiveCfg = Debug|Any CPU
		{7E6451A1-C6A3-4CEB-A518-7C50B10CC7AE}.Debug|Any CPU.Build.0 = Debug|Any CPU
		{7E6451A1-C6A3-4CEB-A518-7C50B10CC7AE}.Release|Any CPU.ActiveCfg = Release|Any CPU
		{7E6451A1-C6A3-4CEB-A518-7C50B10CC7AE}.Release|Any CPU.Build.0 = Release|Any CPU
	EndGlobalSection
	GlobalSection(SolutionProperties) = preSolution
		HideSolutionNode = FALSE
	EndGlobalSection
	GlobalSection(ExtensibilityGlobals) = postSolution
		SolutionGuid = {C689B30D-05C0-4D4A-A954-F48D9A40FB30}
	EndGlobalSection
EndGlobal
