
Microsoft Visual Studio Solution File, Format Version 12.00
# Visual Studio Version 16
VisualStudioVersion = 16.0.29215.179
MinimumVisualStudioVersion = 10.0.40219.1
Project("{FAE04EC0-301F-11D3-BF4B-00C04F79EFBC}") = "BooleanLogic", "BooleanLogic\BooleanLogic.csproj", "{89AC6281-A614-4925-B0E0-B76FB31C25FF}"
EndProject
Global
	GlobalSection(SolutionConfigurationPlatforms) = preSolution
		Debug|Any CPU = Debug|Any CPU
		Release|Any CPU = Release|Any CPU
	EndGlobalSection
	GlobalSection(ProjectConfigurationPlatforms) = postSolution
		{89AC6281-A614-4925-B0E0-B76FB31C25FF}.Debug|Any CPU.ActiveCfg = Debug|Any CPU
		{89AC6281-A614-4925-B0E0-B76FB31C25FF}.Debug|Any CPU.Build.0 = Debug|Any CPU
		{89AC6281-A614-4925-B0E0-B76FB31C25FF}.Release|Any CPU.ActiveCfg = Release|Any CPU
		{89AC6281-A614-4925-B0E0-B76FB31C25FF}.Release|Any CPU.Build.0 = Release|Any CPU
	EndGlobalSection
	GlobalSection(SolutionProperties) = preSolution
		HideSolutionNode = FALSE
	EndGlobalSection
	GlobalSection(ExtensibilityGlobals) = postSolution
		SolutionGuid = {32C1B71D-41C9-469E-869A-9926F8B665E7}
	EndGlobalSection
EndGlobal
